// !$*UTF8*$!
{
	archiveVersion = 1;
	classes = {
	};
	objectVersion = 46;
	objects = {

/* Begin PBXBuildFile section */
		E90B50C019012F6C000C664F /* Foundation.framework in Frameworks */ = {isa = PBXBuildFile; fileRef = E90B50BF19012F6C000C664F /* Foundation.framework */; };
		E90B50C219012F6C000C664F /* CoreGraphics.framework in Frameworks */ = {isa = PBXBuildFile; fileRef = E90B50C119012F6C000C664F /* CoreGraphics.framework */; };
		E90B50C419012F6C000C664F /* UIKit.framework in Frameworks */ = {isa = PBXBuildFile; fileRef = E90B50C319012F6C000C664F /* UIKit.framework */; };
		E90B50CA19012F6C000C664F /* InfoPlist.strings in Resources */ = {isa = PBXBuildFile; fileRef = E90B50C819012F6C000C664F /* InfoPlist.strings */; };
		E90B50CC19012F6C000C664F /* main.m in Sources */ = {isa = PBXBuildFile; fileRef = E90B50CB19012F6C000C664F /* main.m */; };
		E90B50D019012F6C000C664F /* AppDelegate.m in Sources */ = {isa = PBXBuildFile; fileRef = E90B50CF19012F6C000C664F /* AppDelegate.m */; };
		E90B50D319012F6C000C664F /* Main_iPhone.storyboard in Resources */ = {isa = PBXBuildFile; fileRef = E90B50D119012F6C000C664F /* Main_iPhone.storyboard */; };
		E90B50D619012F6C000C664F /* Main_iPad.storyboard in Resources */ = {isa = PBXBuildFile; fileRef = E90B50D419012F6C000C664F /* Main_iPad.storyboard */; };
		E90B50D919012F6C000C664F /* ViewController.m in Sources */ = {isa = PBXBuildFile; fileRef = E90B50D819012F6C000C664F /* ViewController.m */; };
		E90B50DB19012F6C000C664F /* Images.xcassets in Resources */ = {isa = PBXBuildFile; fileRef = E90B50DA19012F6C000C664F /* Images.xcassets */; };
		E90B50E219012F6C000C664F /* XCTest.framework in Frameworks */ = {isa = PBXBuildFile; fileRef = E90B50E119012F6C000C664F /* XCTest.framework */; };
		E90B50E319012F6C000C664F /* Foundation.framework in Frameworks */ = {isa = PBXBuildFile; fileRef = E90B50BF19012F6C000C664F /* Foundation.framework */; };
		E90B50E419012F6C000C664F /* UIKit.framework in Frameworks */ = {isa = PBXBuildFile; fileRef = E90B50C319012F6C000C664F /* UIKit.framework */; };
		E90B50EC19012F6C000C664F /* InfoPlist.strings in Resources */ = {isa = PBXBuildFile; fileRef = E90B50EA19012F6C000C664F /* InfoPlist.strings */; };
		E90B50EE19012F6C000C664F /* BMITests.m in Sources */ = {isa = PBXBuildFile; fileRef = E90B50ED19012F6C000C664F /* BMITests.m */; };
/* End PBXBuildFile section */

/* Begin PBXContainerItemProxy section */
		E90B50E519012F6C000C664F /* PBXContainerItemProxy */ = {
			isa = PBXContainerItemProxy;
			containerPortal = E90B50B419012F6C000C664F /* Project object */;
			proxyType = 1;
			remoteGlobalIDString = E90B50BB19012F6C000C664F;
			remoteInfo = BMI;
		};
/* End PBXContainerItemProxy section */

/* Begin PBXFileReference section */
		E90B50BC19012F6C000C664F /* BMI.app */ = {isa = PBXFileReference; explicitFileType = wrapper.application; includeInIndex = 0; path = BMI.app; sourceTree = BUILT_PRODUCTS_DIR; };
		E90B50BF19012F6C000C664F /* Foundation.framework */ = {isa = PBXFileReference; lastKnownFileType = wrapper.framework; name = Foundation.framework; path = System/Library/Frameworks/Foundation.framework; sourceTree = SDKROOT; };
		E90B50C119012F6C000C664F /* CoreGraphics.framework */ = {isa = PBXFileReference; lastKnownFileType = wrapper.framework; name = CoreGraphics.framework; path = System/Library/Frameworks/CoreGraphics.framework; sourceTree = SDKROOT; };
		E90B50C319012F6C000C664F /* UIKit.framework */ = {isa = PBXFileReference; lastKnownFileType = wrapper.framework; name = UIKit.framework; path = System/Library/Frameworks/UIKit.framework; sourceTree = SDKROOT; };
		E90B50C719012F6C000C664F /* BMI-Info.plist */ = {isa = PBXFileReference; lastKnownFileType = text.plist.xml; path = "BMI-Info.plist"; sourceTree = "<group>"; };
		E90B50C919012F6C000C664F /* en */ = {isa = PBXFileReference; lastKnownFileType = text.plist.strings; name = en; path = en.lproj/InfoPlist.strings; sourceTree = "<group>"; };
		E90B50CB19012F6C000C664F /* main.m */ = {isa = PBXFileReference; lastKnownFileType = sourcecode.c.objc; path = main.m; sourceTree = "<group>"; };
		E90B50CD19012F6C000C664F /* BMI-Prefix.pch */ = {isa = PBXFileReference; lastKnownFileType = sourcecode.c.h; path = "BMI-Prefix.pch"; sourceTree = "<group>"; };
		E90B50CE19012F6C000C664F /* AppDelegate.h */ = {isa = PBXFileReference; lastKnownFileType = sourcecode.c.h; path = AppDelegate.h; sourceTree = "<group>"; };
		E90B50CF19012F6C000C664F /* AppDelegate.m */ = {isa = PBXFileReference; lastKnownFileType = sourcecode.c.objc; path = AppDelegate.m; sourceTree = "<group>"; };
		E90B50D219012F6C000C664F /* Base */ = {isa = PBXFileReference; lastKnownFileType = file.storyboard; name = Base; path = Base.lproj/Main_iPhone.storyboard; sourceTree = "<group>"; };
		E90B50D519012F6C000C664F /* Base */ = {isa = PBXFileReference; lastKnownFileType = file.storyboard; name = Base; path = Base.lproj/Main_iPad.storyboard; sourceTree = "<group>"; };
		E90B50D719012F6C000C664F /* ViewController.h */ = {isa = PBXFileReference; lastKnownFileType = sourcecode.c.h; path = ViewController.h; sourceTree = "<group>"; };
		E90B50D819012F6C000C664F /* ViewController.m */ = {isa = PBXFileReference; lastKnownFileType = sourcecode.c.objc; path = ViewController.m; sourceTree = "<group>"; };
		E90B50DA19012F6C000C664F /* Images.xcassets */ = {isa = PBXFileReference; lastKnownFileType = folder.assetcatalog; path = Images.xcassets; sourceTree = "<group>"; };
		E90B50E019012F6C000C664F /* BMITests.xctest */ = {isa = PBXFileReference; explicitFileType = wrapper.cfbundle; includeInIndex = 0; path = BMITests.xctest; sourceTree = BUILT_PRODUCTS_DIR; };
		E90B50E119012F6C000C664F /* XCTest.framework */ = {isa = PBXFileReference; lastKnownFileType = wrapper.framework; name = XCTest.framework; path = Library/Frameworks/XCTest.framework; sourceTree = DEVELOPER_DIR; };
		E90B50E919012F6C000C664F /* BMITests-Info.plist */ = {isa = PBXFileReference; lastKnownFileType = text.plist.xml; path = "BMITests-Info.plist"; sourceTree = "<group>"; };
		E90B50EB19012F6C000C664F /* en */ = {isa = PBXFileReference; lastKnownFileType = text.plist.strings; name = en; path = en.lproj/InfoPlist.strings; sourceTree = "<group>"; };
		E90B50ED19012F6C000C664F /* BMITests.m */ = {isa = PBXFileReference; lastKnownFileType = sourcecode.c.objc; path = BMITests.m; sourceTree = "<group>"; };
/* End PBXFileReference section */

/* Begin PBXFrameworksBuildPhase section */
		E90B50B919012F6C000C664F /* Frameworks */ = {
			isa = PBXFrameworksBuildPhase;
			buildActionMask = 2147483647;
			files = (
				E90B50C219012F6C000C664F /* CoreGraphics.framework in Frameworks */,
				E90B50C419012F6C000C664F /* UIKit.framework in Frameworks */,
				E90B50C019012F6C000C664F /* Foundation.framework in Frameworks */,
			);
			runOnlyForDeploymentPostprocessing = 0;
		};
		E90B50DD19012F6C000C664F /* Frameworks */ = {
			isa = PBXFrameworksBuildPhase;
			buildActionMask = 2147483647;
			files = (
				E90B50E219012F6C000C664F /* XCTest.framework in Frameworks */,
				E90B50E419012F6C000C664F /* UIKit.framework in Frameworks */,
				E90B50E319012F6C000C664F /* Foundation.framework in Frameworks */,
			);
			runOnlyForDeploymentPostprocessing = 0;
		};
/* End PBXFrameworksBuildPhase section */

/* Begin PBXGroup section */
		E90B50B319012F6C000C664F = {
			isa = PBXGroup;
			children = (
				E90B50C519012F6C000C664F /* BMI */,
				E90B50E719012F6C000C664F /* BMITests */,
				E90B50BE19012F6C000C664F /* Frameworks */,
				E90B50BD19012F6C000C664F /* Products */,
			);
			sourceTree = "<group>";
		};
		E90B50BD19012F6C000C664F /* Products */ = {
			isa = PBXGroup;
			children = (
				E90B50BC19012F6C000C664F /* BMI.app */,
				E90B50E019012F6C000C664F /* BMITests.xctest */,
			);
			name = Products;
			sourceTree = "<group>";
		};
		E90B50BE19012F6C000C664F /* Frameworks */ = {
			isa = PBXGroup;
			children = (
				E90B50BF19012F6C000C664F /* Foundation.framework */,
				E90B50C119012F6C000C664F /* CoreGraphics.framework */,
				E90B50C319012F6C000C664F /* UIKit.framework */,
				E90B50E119012F6C000C664F /* XCTest.framework */,
			);
			name = Frameworks;
			sourceTree = "<group>";
		};
		E90B50C519012F6C000C664F /* BMI */ = {
			isa = PBXGroup;
			children = (
				E90B50CE19012F6C000C664F /* AppDelegate.h */,
				E90B50CF19012F6C000C664F /* AppDelegate.m */,
				E90B50D119012F6C000C664F /* Main_iPhone.storyboard */,
				E90B50D419012F6C000C664F /* Main_iPad.storyboard */,
				E90B50D719012F6C000C664F /* ViewController.h */,
				E90B50D819012F6C000C664F /* ViewController.m */,
				E90B50DA19012F6C000C664F /* Images.xcassets */,
				E90B50C619012F6C000C664F /* Supporting Files */,
			);
			path = BMI;
			sourceTree = "<group>";
		};
		E90B50C619012F6C000C664F /* Supporting Files */ = {
			isa = PBXGroup;
			children = (
				E90B50C719012F6C000C664F /* BMI-Info.plist */,
				E90B50C819012F6C000C664F /* InfoPlist.strings */,
				E90B50CB19012F6C000C664F /* main.m */,
				E90B50CD19012F6C000C664F /* BMI-Prefix.pch */,
			);
			name = "Supporting Files";
			sourceTree = "<group>";
		};
		E90B50E719012F6C000C664F /* BMITests */ = {
			isa = PBXGroup;
			children = (
				E90B50ED19012F6C000C664F /* BMITests.m */,
				E90B50E819012F6C000C664F /* Supporting Files */,
			);
			path = BMITests;
			sourceTree = "<group>";
		};
		E90B50E819012F6C000C664F /* Supporting Files */ = {
			isa = PBXGroup;
			children = (
				E90B50E919012F6C000C664F /* BMITests-Info.plist */,
				E90B50EA19012F6C000C664F /* InfoPlist.strings */,
			);
			name = "Supporting Files";
			sourceTree = "<group>";
		};
/* End PBXGroup section */

/* Begin PBXNativeTarget section */
		E90B50BB19012F6C000C664F /* BMI */ = {
			isa = PBXNativeTarget;
			buildConfigurationList = E90B50F119012F6C000C664F /* Build configuration list for PBXNativeTarget "BMI" */;
			buildPhases = (
				E90B50B819012F6C000C664F /* Sources */,
				E90B50B919012F6C000C664F /* Frameworks */,
				E90B50BA19012F6C000C664F /* Resources */,
			);
			buildRules = (
			);
			dependencies = (
			);
			name = BMI;
			productName = BMI;
			productReference = E90B50BC19012F6C000C664F /* BMI.app */;
			productType = "com.apple.product-type.application";
		};
		E90B50DF19012F6C000C664F /* BMITests */ = {
			isa = PBXNativeTarget;
			buildConfigurationList = E90B50F419012F6C000C664F /* Build configuration list for PBXNativeTarget "BMITests" */;
			buildPhases = (
				E90B50DC19012F6C000C664F /* Sources */,
				E90B50DD19012F6C000C664F /* Frameworks */,
				E90B50DE19012F6C000C664F /* Resources */,
			);
			buildRules = (
			);
			dependencies = (
				E90B50E619012F6C000C664F /* PBXTargetDependency */,
			);
			name = BMITests;
			productName = BMITests;
			productReference = E90B50E019012F6C000C664F /* BMITests.xctest */;
			productType = "com.apple.product-type.bundle.unit-test";
		};
/* End PBXNativeTarget section */

/* Begin PBXProject section */
		E90B50B419012F6C000C664F /* Project object */ = {
			isa = PBXProject;
			attributes = {
				LastUpgradeCheck = 0510;
				ORGANIZATIONNAME = minami;
				TargetAttributes = {
					E90B50DF19012F6C000C664F = {
						TestTargetID = E90B50BB19012F6C000C664F;
					};
				};
			};
			buildConfigurationList = E90B50B719012F6C000C664F /* Build configuration list for PBXProject "BMI" */;
			compatibilityVersion = "Xcode 3.2";
			developmentRegion = English;
			hasScannedForEncodings = 0;
			knownRegions = (
				en,
				Base,
			);
			mainGroup = E90B50B319012F6C000C664F;
			productRefGroup = E90B50BD19012F6C000C664F /* Products */;
			projectDirPath = "";
			projectRoot = "";
			targets = (
				E90B50BB19012F6C000C664F /* BMI */,
				E90B50DF19012F6C000C664F /* BMITests */,
			);
		};
/* End PBXProject section */

/* Begin PBXResourcesBuildPhase section */
		E90B50BA19012F6C000C664F /* Resources */ = {
			isa = PBXResourcesBuildPhase;
			buildActionMask = 2147483647;
			files = (
				E90B50D619012F6C000C664F /* Main_iPad.storyboard in Resources */,
				E90B50DB19012F6C000C664F /* Images.xcassets in Resources */,
				E90B50D319012F6C000C664F /* Main_iPhone.storyboard in Resources */,
				E90B50CA19012F6C000C664F /* InfoPlist.strings in Resources */,
			);
			runOnlyForDeploymentPostprocessing = 0;
		};
		E90B50DE19012F6C000C664F /* Resources */ = {
			isa = PBXResourcesBuildPhase;
			buildActionMask = 2147483647;
			files = (
				E90B50EC19012F6C000C664F /* InfoPlist.strings in Resources */,
			);
			runOnlyForDeploymentPostprocessing = 0;
		};
/* End PBXResourcesBuildPhase section */

/* Begin PBXSourcesBuildPhase section */
		E90B50B819012F6C000C664F /* Sources */ = {
			isa = PBXSourcesBuildPhase;
			buildActionMask = 2147483647;
			files = (
				E90B50D919012F6C000C664F /* ViewController.m in Sources */,
				E90B50D019012F6C000C664F /* AppDelegate.m in Sources */,
				E90B50CC19012F6C000C664F /* main.m in Sources */,
			);
			runOnlyForDeploymentPostprocessing = 0;
		};
		E90B50DC19012F6C000C664F /* Sources */ = {
			isa = PBXSourcesBuildPhase;
			buildActionMask = 2147483647;
			files = (
				E90B50EE19012F6C000C664F /* BMITests.m in Sources */,
			);
			runOnlyForDeploymentPostprocessing = 0;
		};
/* End PBXSourcesBuildPhase section */

/* Begin PBXTargetDependency section */
		E90B50E619012F6C000C664F /* PBXTargetDependency */ = {
			isa = PBXTargetDependency;
			target = E90B50BB19012F6C000C664F /* BMI */;
			targetProxy = E90B50E519012F6C000C664F /* PBXContainerItemProxy */;
		};
/* End PBXTargetDependency section */

/* Begin PBXVariantGroup section */
		E90B50C819012F6C000C664F /* InfoPlist.strings */ = {
			isa = PBXVariantGroup;
			children = (
				E90B50C919012F6C000C664F /* en */,
			);
			name = InfoPlist.strings;
			sourceTree = "<group>";
		};
		E90B50D119012F6C000C664F /* Main_iPhone.storyboard */ = {
			isa = PBXVariantGroup;
			children = (
				E90B50D219012F6C000C664F /* Base */,
			);
			name = Main_iPhone.storyboard;
			sourceTree = "<group>";
		};
		E90B50D419012F6C000C664F /* Main_iPad.storyboard */ = {
			isa = PBXVariantGroup;
			children = (
				E90B50D519012F6C000C664F /* Base */,
			);
			name = Main_iPad.storyboard;
			sourceTree = "<group>";
		};
		E90B50EA19012F6C000C664F /* InfoPlist.strings */ = {
			isa = PBXVariantGroup;
			children = (
				E90B50EB19012F6C000C664F /* en */,
			);
			name = InfoPlist.strings;
			sourceTree = "<group>";
		};
/* End PBXVariantGroup section */

/* Begin XCBuildConfiguration section */
		E90B50EF19012F6C000C664F /* Debug */ = {
			isa = XCBuildConfiguration;
			buildSettings = {
				ALWAYS_SEARCH_USER_PATHS = NO;
				CLANG_CXX_LANGUAGE_STANDARD = "gnu++0x";
				CLANG_CXX_LIBRARY = "libc++";
				CLANG_ENABLE_MODULES = YES;
				CLANG_ENABLE_OBJC_ARC = YES;
				CLANG_WARN_BOOL_CONVERSION = YES;
				CLANG_WARN_CONSTANT_CONVERSION = YES;
				CLANG_WARN_DIRECT_OBJC_ISA_USAGE = YES_ERROR;
				CLANG_WARN_EMPTY_BODY = YES;
				CLANG_WARN_ENUM_CONVERSION = YES;
				CLANG_WARN_INT_CONVERSION = YES;
				CLANG_WARN_OBJC_ROOT_CLASS = YES_ERROR;
				CLANG_WARN__DUPLICATE_METHOD_MATCH = YES;
				"CODE_SIGN_IDENTITY[sdk=iphoneos*]" = "iPhone Developer";
				COPY_PHASE_STRIP = NO;
				GCC_C_LANGUAGE_STANDARD = gnu99;
				GCC_DYNAMIC_NO_PIC = NO;
				GCC_OPTIMIZATION_LEVEL = 0;
				GCC_PREPROCESSOR_DEFINITIONS = (
					"DEBUG=1",
					"$(inherited)",
				);
				GCC_SYMBOLS_PRIVATE_EXTERN = NO;
				GCC_WARN_64_TO_32_BIT_CONVERSION = YES;
				GCC_WARN_ABOUT_RETURN_TYPE = YES_ERROR;
				GCC_WARN_UNDECLARED_SELECTOR = YES;
				GCC_WARN_UNINITIALIZED_AUTOS = YES_AGGRESSIVE;
				GCC_WARN_UNUSED_FUNCTION = YES;
				GCC_WARN_UNUSED_VARIABLE = YES;
				IPHONEOS_DEPLOYMENT_TARGET = 7.1;
				ONLY_ACTIVE_ARCH = YES;
				SDKROOT = iphoneos;
				TARGETED_DEVICE_FAMILY = "1,2";
			};
			name = Debug;
		};
		E90B50F019012F6C000C664F /* Release */ = {
			isa = XCBuildConfiguration;
			buildSettings = {
				ALWAYS_SEARCH_USER_PATHS = NO;
				CLANG_CXX_LANGUAGE_STANDARD = "gnu++0x";
				CLANG_CXX_LIBRARY = "libc++";
				CLANG_ENABLE_MODULES = YES;
				CLANG_ENABLE_OBJC_ARC = YES;
				CLANG_WARN_BOOL_CONVERSION = YES;
				CLANG_WARN_CONSTANT_CONVERSION = YES;
				CLANG_WARN_DIRECT_OBJC_ISA_USAGE = YES_ERROR;
				CLANG_WARN_EMPTY_BODY = YES;
				CLANG_WARN_ENUM_CONVERSION = YES;
				CLANG_WARN_INT_CONVERSION = YES;
				CLANG_WARN_OBJC_ROOT_CLASS = YES_ERROR;
				CLANG_WARN__DUPLICATE_METHOD_MATCH = YES;
				"CODE_SIGN_IDENTITY[sdk=iphoneos*]" = "iPhone Developer";
				COPY_PHASE_STRIP = YES;
				ENABLE_NS_ASSERTIONS = NO;
				GCC_C_LANGUAGE_STANDARD = gnu99;
				GCC_WARN_64_TO_32_BIT_CONVERSION = YES;
				GCC_WARN_ABOUT_RETURN_TYPE = YES_ERROR;
				GCC_WARN_UNDECLARED_SELECTOR = YES;
				GCC_WARN_UNINITIALIZED_AUTOS = YES_AGGRESSIVE;
				GCC_WARN_UNUSED_FUNCTION = YES;
				GCC_WARN_UNUSED_VARIABLE = YES;
				IPHONEOS_DEPLOYMENT_TARGET = 7.1;
				SDKROOT = iphoneos;
				TARGETED_DEVICE_FAMILY = "1,2";
				VALIDATE_PRODUCT = YES;
			};
			name = Release;
		};
		E90B50F219012F6C000C664F /* Debug */ = {
			isa = XCBuildConfiguration;
			buildSettings = {
				ASSETCATALOG_COMPILER_APPICON_NAME = AppIcon;
				ASSETCATALOG_COMPILER_LAUNCHIMAGE_NAME = LaunchImage;
				GCC_PRECOMPILE_PREFIX_HEADER = YES;
				GCC_PREFIX_HEADER = "BMI/BMI-Prefix.pch";
				INFOPLIST_FILE = "BMI/BMI-Info.plist";
				PRODUCT_NAME = "$(TARGET_NAME)";
				WRAPPER_EXTENSION = app;
			};
			name = Debug;
		};
		E90B50F319012F6C000C664F /* Release */ = {
			isa = XCBuildConfiguration;
			buildSettings = {
				ASSETCATALOG_COMPILER_APPICON_NAME = AppIcon;
				ASSETCATALOG_COMPILER_LAUNCHIMAGE_NAME = LaunchImage;
				GCC_PRECOMPILE_PREFIX_HEADER = YES;
				GCC_PREFIX_HEADER = "BMI/BMI-Prefix.pch";
				INFOPLIST_FILE = "BMI/BMI-Info.plist";
				PRODUCT_NAME = "$(TARGET_NAME)";
				WRAPPER_EXTENSION = app;
			};
			name = Release;
		};
		E90B50F519012F6C000C664F /* Debug */ = {
			isa = XCBuildConfiguration;
			buildSettings = {
				BUNDLE_LOADER = "$(BUILT_PRODUCTS_DIR)/BMI.app/BMI";
				FRAMEWORK_SEARCH_PATHS = (
					"$(SDKROOT)/Developer/Library/Frameworks",
					"$(inherited)",
					"$(DEVELOPER_FRAMEWORKS_DIR)",
				);
				GCC_PRECOMPILE_PREFIX_HEADER = YES;
				GCC_PREFIX_HEADER = "BMI/BMI-Prefix.pch";
				GCC_PREPROCESSOR_DEFINITIONS = (
					"DEBUG=1",
					"$(inherited)",
				);
				INFOPLIST_FILE = "BMITests/BMITests-Info.plist";
				PRODUCT_NAME = "$(TARGET_NAME)";
				TEST_HOST = "$(BUNDLE_LOADER)";
				WRAPPER_EXTENSION = xctest;
			};
			name = Debug;
		};
		E90B50F619012F6C000C664F /* Release */ = {
			isa = XCBuildConfiguration;
			buildSettings = {
				BUNDLE_LOADER = "$(BUILT_PRODUCTS_DIR)/BMI.app/BMI";
				FRAMEWORK_SEARCH_PATHS = (
					"$(SDKROOT)/Developer/Library/Frameworks",
					"$(inherited)",
					"$(DEVELOPER_FRAMEWORKS_DIR)",
				);
				GCC_PRECOMPILE_PREFIX_HEADER = YES;
				GCC_PREFIX_HEADER = "BMI/BMI-Prefix.pch";
				INFOPLIST_FILE = "BMITests/BMITests-Info.plist";
				PRODUCT_NAME = "$(TARGET_NAME)";
				TEST_HOST = "$(BUNDLE_LOADER)";
				WRAPPER_EXTENSION = xctest;
			};
			name = Release;
		};
/* End XCBuildConfiguration section */

/* Begin XCConfigurationList section */
		E90B50B719012F6C000C664F /* Build configuration list for PBXProject "BMI" */ = {
			isa = XCConfigurationList;
			buildConfigurations = (
				E90B50EF19012F6C000C664F /* Debug */,
				E90B50F019012F6C000C664F /* Release */,
			);
			defaultConfigurationIsVisible = 0;
			defaultConfigurationName = Release;
		};
		E90B50F119012F6C000C664F /* Build configuration list for PBXNativeTarget "BMI" */ = {
			isa = XCConfigurationList;
			buildConfigurations = (
				E90B50F219012F6C000C664F /* Debug */,
				E90B50F319012F6C000C664F /* Release */,
			);
			defaultConfigurationIsVisible = 0;
		};
		E90B50F419012F6C000C664F /* Build configuration list for PBXNativeTarget "BMITests" */ = {
			isa = XCConfigurationList;
			buildConfigurations = (
				E90B50F519012F6C000C664F /* Debug */,
				E90B50F619012F6C000C664F /* Release */,
			);
			defaultConfigurationIsVisible = 0;
		};
/* End XCConfigurationList section */
	};
	rootObject = E90B50B419012F6C000C664F /* Project object */;
}
